
Microsoft Visual Studio Solution File, Format Version 12.00
# Visual Studio 2013
VisualStudioVersion = 12.0.40629.0
MinimumVisualStudioVersion = 10.0.40219.1
Project("{2150E333-8FDC-42A3-9474-1A3956D46DE8}") = ".paket", ".paket", "{E316776F-F135-468A-AD5C-49DD51D0965E}"
	ProjectSection(SolutionItems) = preProject
		paket.dependencies = paket.dependencies
	EndProjectSection
EndProject
Project("{2150E333-8FDC-42A3-9474-1A3956D46DE8}") = ".solution", ".solution", "{B206F489-7623-4B15-8DEA-BF7CCE5C51E4}"
	ProjectSection(SolutionItems) = preProject
		.gitignore = .gitignore
		build.cmd = build.cmd
		build.fsx = build.fsx
		LICENSE = LICENSE
		README.md = README.md
		RELEASE_NOTES.md = RELEASE_NOTES.md
	EndProjectSection
EndProject
Project("{FAE04EC0-301F-11D3-BF4B-00C04F79EFBC}") = "Akka.Persistence.Devart.Oracle", "src\Akka.Persistence.Devart.Oracle\Akka.Persistence.Devart.Oracle.csproj", "{55B3C75B-12A7-4552-AD09-4AF83D53306E}"
EndProject
Project("{FAE04EC0-301F-11D3-BF4B-00C04F79EFBC}") = "Akka.Persistence.Devart.Oracle.Tests", "tests\Akka.Persistence.Devart.Oracle.Tests\Akka.Persistence.Devart.Oracle.Tests.csproj", "{C3C49DB5-EF1E-4C33-96A3-7247C73DA2E6}"
EndProject
Project("{2150E333-8FDC-42A3-9474-1A3956D46DE8}") = ".nuget", ".nuget", "{4757C9AF-106D-4CD9-8E80-39A0227F74A2}"
	ProjectSection(SolutionItems) = preProject
		.nuget\NuGet.Config = .nuget\NuGet.Config
		.nuget\NuGet.exe = .nuget\NuGet.exe
		.nuget\NuGet.targets = .nuget\NuGet.targets
	EndProjectSection
EndProject
Global
	GlobalSection(SolutionConfigurationPlatforms) = preSolution
		Debug|Any CPU = Debug|Any CPU
		Release|Any CPU = Release|Any CPU
	EndGlobalSection
	GlobalSection(ProjectConfigurationPlatforms) = postSolution
		{55B3C75B-12A7-4552-AD09-4AF83D53306E}.Debug|Any CPU.ActiveCfg = Debug|Any CPU
		{55B3C75B-12A7-4552-AD09-4AF83D53306E}.Debug|Any CPU.Build.0 = Debug|Any CPU
		{55B3C75B-12A7-4552-AD09-4AF83D53306E}.Release|Any CPU.ActiveCfg = Release|Any CPU
		{55B3C75B-12A7-4552-AD09-4AF83D53306E}.Release|Any CPU.Build.0 = Release|Any CPU
		{C3C49DB5-EF1E-4C33-96A3-7247C73DA2E6}.Debug|Any CPU.ActiveCfg = Debug|Any CPU
		{C3C49DB5-EF1E-4C33-96A3-7247C73DA2E6}.Debug|Any CPU.Build.0 = Debug|Any CPU
		{C3C49DB5-EF1E-4C33-96A3-7247C73DA2E6}.Release|Any CPU.ActiveCfg = Release|Any CPU
		{C3C49DB5-EF1E-4C33-96A3-7247C73DA2E6}.Release|Any CPU.Build.0 = Release|Any CPU
	EndGlobalSection
	GlobalSection(SolutionProperties) = preSolution
		HideSolutionNode = FALSE
	EndGlobalSection
EndGlobal
